
Microsoft Visual Studio Solution File, Format Version 12.00
# Visual Studio Version 17
VisualStudioVersion = 17.4.33205.214
MinimumVisualStudioVersion = 10.0.40219.1
Project("{FAE04EC0-301F-11D3-BF4B-00C04F79EFBC}") = "FlightsWCF", "FlightsWCF\FlightsWCF.csproj", "{7850B1CC-536E-4400-95C5-1BA6D801D7EC}"
EndProject
Global
	GlobalSection(SolutionConfigurationPlatforms) = preSolution
		Debug|Any CPU = Debug|Any CPU
		Release|Any CPU = Release|Any CPU
	EndGlobalSection
	GlobalSection(ProjectConfigurationPlatforms) = postSolution
		{7850B1CC-536E-4400-95C5-1BA6D801D7EC}.Debug|Any CPU.ActiveCfg = Debug|Any CPU
		{7850B1CC-536E-4400-95C5-1BA6D801D7EC}.Debug|Any CPU.Build.0 = Debug|Any CPU
		{7850B1CC-536E-4400-95C5-1BA6D801D7EC}.Release|Any CPU.ActiveCfg = Release|Any CPU
		{7850B1CC-536E-4400-95C5-1BA6D801D7EC}.Release|Any CPU.Build.0 = Release|Any CPU
	EndGlobalSection
	GlobalSection(SolutionProperties) = preSolution
		HideSolutionNode = FALSE
	EndGlobalSection
	GlobalSection(ExtensibilityGlobals) = postSolution
		SolutionGuid = {93FBDC2D-56FE-47DA-9387-EC93C8823F01}
	EndGlobalSection
EndGlobal
